
Microsoft Visual Studio Solution File, Format Version 12.00
# Visual Studio Version 17
VisualStudioVersion = 17.7.34031.279
MinimumVisualStudioVersion = 10.0.40219.1
Project("{FAE04EC0-301F-11D3-BF4B-00C04F79EFBC}") = "memory-game", "memory-game.csproj", "{7A871E89-5BA3-4285-AFA3-4178FAC94464}"
EndProject
Global
	GlobalSection(SolutionConfigurationPlatforms) = preSolution
		Debug|Any CPU = Debug|Any CPU
		Release|Any CPU = Release|Any CPU
	EndGlobalSection
	GlobalSection(ProjectConfigurationPlatforms) = postSolution
		{7A871E89-5BA3-4285-AFA3-4178FAC94464}.Debug|Any CPU.ActiveCfg = Debug|Any CPU
		{7A871E89-5BA3-4285-AFA3-4178FAC94464}.Debug|Any CPU.Build.0 = Debug|Any CPU
		{7A871E89-5BA3-4285-AFA3-4178FAC94464}.Release|Any CPU.ActiveCfg = Release|Any CPU
		{7A871E89-5BA3-4285-AFA3-4178FAC94464}.Release|Any CPU.Build.0 = Release|Any CPU
	EndGlobalSection
	GlobalSection(SolutionProperties) = preSolution
		HideSolutionNode = FALSE
	EndGlobalSection
	GlobalSection(ExtensibilityGlobals) = postSolution
		SolutionGuid = {B387DC7A-9C8C-46C4-AB1F-E3D49D824580}
	EndGlobalSection
EndGlobal
